
Microsoft Visual Studio Solution File, Format Version 12.00
# Visual Studio 15
Project("{FAE04EC0-301F-11D3-BF4B-00C04F79EFBC}") = "saharaServer", "saharaServer\saharaServer.csproj", "{B44E8FA3-84C5-4D7B-AD6E-B56B2BABDFF4}"
EndProject
Global
	GlobalSection(SolutionConfigurationPlatforms) = preSolution
		Debug|Any CPU = Debug|Any CPU
		Release|Any CPU = Release|Any CPU
	EndGlobalSection
	GlobalSection(ProjectConfigurationPlatforms) = postSolution
		{B44E8FA3-84C5-4D7B-AD6E-B56B2BABDFF4}.Debug|Any CPU.ActiveCfg = Debug|Any CPU
		{B44E8FA3-84C5-4D7B-AD6E-B56B2BABDFF4}.Debug|Any CPU.Build.0 = Debug|Any CPU
		{B44E8FA3-84C5-4D7B-AD6E-B56B2BABDFF4}.Release|Any CPU.ActiveCfg = Release|Any CPU
		{B44E8FA3-84C5-4D7B-AD6E-B56B2BABDFF4}.Release|Any CPU.Build.0 = Release|Any CPU
	EndGlobalSection
EndGlobal
